// !$*UTF8*$!
{
	archiveVersion = 1;
	classes = {
	};
	objectVersion = 56;
	objects = {

/* Begin PBXBuildFile section */
		242CD8E12ACDB0E80099617D /* AppDelegate.swift in Sources */ = {isa = PBXBuildFile; fileRef = 242CD8E02ACDB0E80099617D /* AppDelegate.swift */; };
		242CD8E32ACDB0E80099617D /* SceneDelegate.swift in Sources */ = {isa = PBXBuildFile; fileRef = 242CD8E22ACDB0E80099617D /* SceneDelegate.swift */; };
		242CD8E52ACDB0E80099617D /* ViewController.swift in Sources */ = {isa = PBXBuildFile; fileRef = 242CD8E42ACDB0E80099617D /* ViewController.swift */; };
		242CD8E82ACDB0E80099617D /* Main.storyboard in Resources */ = {isa = PBXBuildFile; fileRef = 242CD8E62ACDB0E80099617D /* Main.storyboard */; };
		242CD8EA2ACDB0E90099617D /* Assets.xcassets in Resources */ = {isa = PBXBuildFile; fileRef = 242CD8E92ACDB0E90099617D /* Assets.xcassets */; };
		242CD8ED2ACDB0E90099617D /* LaunchScreen.storyboard in Resources */ = {isa = PBXBuildFile; fileRef = 242CD8EB2ACDB0E90099617D /* LaunchScreen.storyboard */; };
		4D962D4053FD307179800F39 /* Pods_GerenciadorDependencias.framework in Frameworks */ = {isa = PBXBuildFile; fileRef = F167E07DF4A07F054A4F33EF /* Pods_GerenciadorDependencias.framework */; };
/* End PBXBuildFile section */

/* Begin PBXFileReference section */
		1A61598A891B5CFA53A31A9F /* Pods-GerenciadorDependencias.release.xcconfig */ = {isa = PBXFileReference; includeInIndex = 1; lastKnownFileType = text.xcconfig; name = "Pods-GerenciadorDependencias.release.xcconfig"; path = "Target Support Files/Pods-GerenciadorDependencias/Pods-GerenciadorDependencias.release.xcconfig"; sourceTree = "<group>"; };
		242CD8DD2ACDB0E80099617D /* GerenciadorDependencias.app */ = {isa = PBXFileReference; explicitFileType = wrapper.application; includeInIndex = 0; path = GerenciadorDependencias.app; sourceTree = BUILT_PRODUCTS_DIR; };
		242CD8E02ACDB0E80099617D /* AppDelegate.swift */ = {isa = PBXFileReference; lastKnownFileType = sourcecode.swift; path = AppDelegate.swift; sourceTree = "<group>"; };
		242CD8E22ACDB0E80099617D /* SceneDelegate.swift */ = {isa = PBXFileReference; lastKnownFileType = sourcecode.swift; path = SceneDelegate.swift; sourceTree = "<group>"; };
		242CD8E42ACDB0E80099617D /* ViewController.swift */ = {isa = PBXFileReference; lastKnownFileType = sourcecode.swift; path = ViewController.swift; sourceTree = "<group>"; };
		242CD8E72ACDB0E80099617D /* Base */ = {isa = PBXFileReference; lastKnownFileType = file.storyboard; name = Base; path = Base.lproj/Main.storyboard; sourceTree = "<group>"; };
		242CD8E92ACDB0E90099617D /* Assets.xcassets */ = {isa = PBXFileReference; lastKnownFileType = folder.assetcatalog; path = Assets.xcassets; sourceTree = "<group>"; };
		242CD8EC2ACDB0E90099617D /* Base */ = {isa = PBXFileReference; lastKnownFileType = file.storyboard; name = Base; path = Base.lproj/LaunchScreen.storyboard; sourceTree = "<group>"; };
		242CD8EE2ACDB0E90099617D /* Info.plist */ = {isa = PBXFileReference; lastKnownFileType = text.plist.xml; path = Info.plist; sourceTree = "<group>"; };
		F167E07DF4A07F054A4F33EF /* Pods_GerenciadorDependencias.framework */ = {isa = PBXFileReference; explicitFileType = wrapper.framework; includeInIndex = 0; path = Pods_GerenciadorDependencias.framework; sourceTree = BUILT_PRODUCTS_DIR; };
		F32D17F9BBF3E04D2719EC8C /* Pods-GerenciadorDependencias.debug.xcconfig */ = {isa = PBXFileReference; includeInIndex = 1; lastKnownFileType = text.xcconfig; name = "Pods-GerenciadorDependencias.debug.xcconfig"; path = "Target Support Files/Pods-GerenciadorDependencias/Pods-GerenciadorDependencias.debug.xcconfig"; sourceTree = "<group>"; };
/* End PBXFileReference section */

/* Begin PBXFrameworksBuildPhase section */
		242CD8DA2ACDB0E80099617D /* Frameworks */ = {
			isa = PBXFrameworksBuildPhase;
			buildActionMask = 2147483647;
			files = (
				4D962D4053FD307179800F39 /* Pods_GerenciadorDependencias.framework in Frameworks */,
			);
			runOnlyForDeploymentPostprocessing = 0;
		};
/* End PBXFrameworksBuildPhase section */

/* Begin PBXGroup section */
		242CD8D42ACDB0E80099617D = {
			isa = PBXGroup;
			children = (
				242CD8DF2ACDB0E80099617D /* GerenciadorDependencias */,
				242CD8DE2ACDB0E80099617D /* Products */,
				707E10D6A6E47535ED9FB606 /* Pods */,
				2A3C88892E01A05D8DDF6854 /* Frameworks */,
			);
			sourceTree = "<group>";
		};
		242CD8DE2ACDB0E80099617D /* Products */ = {
			isa = PBXGroup;
			children = (
				242CD8DD2ACDB0E80099617D /* GerenciadorDependencias.app */,
			);
			name = Products;
			sourceTree = "<group>";
		};
		242CD8DF2ACDB0E80099617D /* GerenciadorDependencias */ = {
			isa = PBXGroup;
			children = (
				242CD8E02ACDB0E80099617D /* AppDelegate.swift */,
				242CD8E22ACDB0E80099617D /* SceneDelegate.swift */,
				242CD8E42ACDB0E80099617D /* ViewController.swift */,
				242CD8E62ACDB0E80099617D /* Main.storyboard */,
				242CD8E92ACDB0E90099617D /* Assets.xcassets */,
				242CD8EB2ACDB0E90099617D /* LaunchScreen.storyboard */,
				242CD8EE2ACDB0E90099617D /* Info.plist */,
			);
			path = GerenciadorDependencias;
			sourceTree = "<group>";
		};
		2A3C88892E01A05D8DDF6854 /* Frameworks */ = {
			isa = PBXGroup;
			children = (
				F167E07DF4A07F054A4F33EF /* Pods_GerenciadorDependencias.framework */,
			);
			name = Frameworks;
			sourceTree = "<group>";
		};
		707E10D6A6E47535ED9FB606 /* Pods */ = {
			isa = PBXGroup;
			children = (
				F32D17F9BBF3E04D2719EC8C /* Pods-GerenciadorDependencias.debug.xcconfig */,
				1A61598A891B5CFA53A31A9F /* Pods-GerenciadorDependencias.release.xcconfig */,
			);
			name = Pods;
			path = Pods;
			sourceTree = "<group>";
		};
/* End PBXGroup section */

/* Begin PBXNativeTarget section */
		242CD8DC2ACDB0E80099617D /* GerenciadorDependencias */ = {
			isa = PBXNativeTarget;
			buildConfigurationList = 242CD8F12ACDB0E90099617D /* Build configuration list for PBXNativeTarget "GerenciadorDependencias" */;
			buildPhases = (
				B0F78C89BAB135484282130C /* [CP] Check Pods Manifest.lock */,
				242CD8D92ACDB0E80099617D /* Sources */,
				242CD8DA2ACDB0E80099617D /* Frameworks */,
				242CD8DB2ACDB0E80099617D /* Resources */,
				7A507D6386FDBBFA992E3575 /* [CP] Embed Pods Frameworks */,
			);
			buildRules = (
			);
			dependencies = (
			);
			name = GerenciadorDependencias;
			productName = GerenciadorDependencias;
			productReference = 242CD8DD2ACDB0E80099617D /* GerenciadorDependencias.app */;
			productType = "com.apple.product-type.application";
		};
/* End PBXNativeTarget section */

/* Begin PBXProject section */
		242CD8D52ACDB0E80099617D /* Project object */ = {
			isa = PBXProject;
			attributes = {
				BuildIndependentTargetsInParallel = 1;
				LastSwiftUpdateCheck = 1430;
				LastUpgradeCheck = 1430;
				TargetAttributes = {
					242CD8DC2ACDB0E80099617D = {
						CreatedOnToolsVersion = 14.3.1;
					};
				};
			};
			buildConfigurationList = 242CD8D82ACDB0E80099617D /* Build configuration list for PBXProject "GerenciadorDependencias" */;
			compatibilityVersion = "Xcode 14.0";
			developmentRegion = en;
			hasScannedForEncodings = 0;
			knownRegions = (
				en,
				Base,
			);
			mainGroup = 242CD8D42ACDB0E80099617D;
			productRefGroup = 242CD8DE2ACDB0E80099617D /* Products */;
			projectDirPath = "";
			projectRoot = "";
			targets = (
				242CD8DC2ACDB0E80099617D /* GerenciadorDependencias */,
			);
		};
/* End PBXProject section */

/* Begin PBXResourcesBuildPhase section */
		242CD8DB2ACDB0E80099617D /* Resources */ = {
			isa = PBXResourcesBuildPhase;
			buildActionMask = 2147483647;
			files = (
				242CD8ED2ACDB0E90099617D /* LaunchScreen.storyboard in Resources */,
				242CD8EA2ACDB0E90099617D /* Assets.xcassets in Resources */,
				242CD8E82ACDB0E80099617D /* Main.storyboard in Resources */,
			);
			runOnlyForDeploymentPostprocessing = 0;
		};
/* End PBXResourcesBuildPhase section */

/* Begin PBXShellScriptBuildPhase section */
		7A507D6386FDBBFA992E3575 /* [CP] Embed Pods Frameworks */ = {
			isa = PBXShellScriptBuildPhase;
			buildActionMask = 2147483647;
			files = (
			);
			inputFileListPaths = (
				"${PODS_ROOT}/Target Support Files/Pods-GerenciadorDependencias/Pods-GerenciadorDependencias-frameworks-${CONFIGURATION}-input-files.xcfilelist",
			);
			name = "[CP] Embed Pods Frameworks";
			outputFileListPaths = (
				"${PODS_ROOT}/Target Support Files/Pods-GerenciadorDependencias/Pods-GerenciadorDependencias-frameworks-${CONFIGURATION}-output-files.xcfilelist",
			);
			runOnlyForDeploymentPostprocessing = 0;
			shellPath = /bin/sh;
			shellScript = "\"${PODS_ROOT}/Target Support Files/Pods-GerenciadorDependencias/Pods-GerenciadorDependencias-frameworks.sh\"\n";
			showEnvVarsInLog = 0;
		};
		B0F78C89BAB135484282130C /* [CP] Check Pods Manifest.lock */ = {
			isa = PBXShellScriptBuildPhase;
			buildActionMask = 2147483647;
			files = (
			);
			inputFileListPaths = (
			);
			inputPaths = (
				"${PODS_PODFILE_DIR_PATH}/Podfile.lock",
				"${PODS_ROOT}/Manifest.lock",
			);
			name = "[CP] Check Pods Manifest.lock";
			outputFileListPaths = (
			);
			outputPaths = (
				"$(DERIVED_FILE_DIR)/Pods-GerenciadorDependencias-checkManifestLockResult.txt",
			);
			runOnlyForDeploymentPostprocessing = 0;
			shellPath = /bin/sh;
			shellScript = "diff \"${PODS_PODFILE_DIR_PATH}/Podfile.lock\" \"${PODS_ROOT}/Manifest.lock\" > /dev/null\nif [ $? != 0 ] ; then\n    # print error to STDERR\n    echo \"error: The sandbox is not in sync with the Podfile.lock. Run 'pod install' or update your CocoaPods installation.\" >&2\n    exit 1\nfi\n# This output is used by Xcode 'outputs' to avoid re-running this script phase.\necho \"SUCCESS\" > \"${SCRIPT_OUTPUT_FILE_0}\"\n";
			showEnvVarsInLog = 0;
		};
/* End PBXShellScriptBuildPhase section */

/* Begin PBXSourcesBuildPhase section */
		242CD8D92ACDB0E80099617D /* Sources */ = {
			isa = PBXSourcesBuildPhase;
			buildActionMask = 2147483647;
			files = (
				242CD8E52ACDB0E80099617D /* ViewController.swift in Sources */,
				242CD8E12ACDB0E80099617D /* AppDelegate.swift in Sources */,
				242CD8E32ACDB0E80099617D /* SceneDelegate.swift in Sources */,
			);
			runOnlyForDeploymentPostprocessing = 0;
		};
/* End PBXSourcesBuildPhase section */

/* Begin PBXVariantGroup section */
		242CD8E62ACDB0E80099617D /* Main.storyboard */ = {
			isa = PBXVariantGroup;
			children = (
				242CD8E72ACDB0E80099617D /* Base */,
			);
			name = Main.storyboard;
			sourceTree = "<group>";
		};
		242CD8EB2ACDB0E90099617D /* LaunchScreen.storyboard */ = {
			isa = PBXVariantGroup;
			children = (
				242CD8EC2ACDB0E90099617D /* Base */,
			);
			name = LaunchScreen.storyboard;
			sourceTree = "<group>";
		};
/* End PBXVariantGroup section */

/* Begin XCBuildConfiguration section */
		242CD8EF2ACDB0E90099617D /* Debug */ = {
			isa = XCBuildConfiguration;
			buildSettings = {
				ALWAYS_SEARCH_USER_PATHS = NO;
				CLANG_ANALYZER_NONNULL = YES;
				CLANG_ANALYZER_NUMBER_OBJECT_CONVERSION = YES_AGGRESSIVE;
				CLANG_CXX_LANGUAGE_STANDARD = "gnu++20";
				CLANG_ENABLE_MODULES = YES;
				CLANG_ENABLE_OBJC_ARC = YES;
				CLANG_ENABLE_OBJC_WEAK = YES;
				CLANG_WARN_BLOCK_CAPTURE_AUTORELEASING = YES;
				CLANG_WARN_BOOL_CONVERSION = YES;
				CLANG_WARN_COMMA = YES;
				CLANG_WARN_CONSTANT_CONVERSION = YES;
				CLANG_WARN_DEPRECATED_OBJC_IMPLEMENTATIONS = YES;
				CLANG_WARN_DIRECT_OBJC_ISA_USAGE = YES_ERROR;
				CLANG_WARN_DOCUMENTATION_COMMENTS = YES;
				CLANG_WARN_EMPTY_BODY = YES;
				CLANG_WARN_ENUM_CONVERSION = YES;
				CLANG_WARN_INFINITE_RECURSION = YES;
				CLANG_WARN_INT_CONVERSION = YES;
				CLANG_WARN_NON_LITERAL_NULL_CONVERSION = YES;
				CLANG_WARN_OBJC_IMPLICIT_RETAIN_SELF = YES;
				CLANG_WARN_OBJC_LITERAL_CONVERSION = YES;
				CLANG_WARN_OBJC_ROOT_CLASS = YES_ERROR;
				CLANG_WARN_QUOTED_INCLUDE_IN_FRAMEWORK_HEADER = YES;
				CLANG_WARN_RANGE_LOOP_ANALYSIS = YES;
				CLANG_WARN_STRICT_PROTOTYPES = YES;
				CLANG_WARN_SUSPICIOUS_MOVE = YES;
				CLANG_WARN_UNGUARDED_AVAILABILITY = YES_AGGRESSIVE;
				CLANG_WARN_UNREACHABLE_CODE = YES;
				CLANG_WARN__DUPLICATE_METHOD_MATCH = YES;
				COPY_PHASE_STRIP = NO;
				DEBUG_INFORMATION_FORMAT = dwarf;
				ENABLE_STRICT_OBJC_MSGSEND = YES;
				ENABLE_TESTABILITY = YES;
				GCC_C_LANGUAGE_STANDARD = gnu11;
				GCC_DYNAMIC_NO_PIC = NO;
				GCC_NO_COMMON_BLOCKS = YES;
				GCC_OPTIMIZATION_LEVEL = 0;
				GCC_PREPROCESSOR_DEFINITIONS = (
					"DEBUG=1",
					"$(inherited)",
				);
				GCC_WARN_64_TO_32_BIT_CONVERSION = YES;
				GCC_WARN_ABOUT_RETURN_TYPE = YES_ERROR;
				GCC_WARN_UNDECLARED_SELECTOR = YES;
				GCC_WARN_UNINITIALIZED_AUTOS = YES_AGGRESSIVE;
				GCC_WARN_UNUSED_FUNCTION = YES;
				GCC_WARN_UNUSED_VARIABLE = YES;
				IPHONEOS_DEPLOYMENT_TARGET = 16.4;
				MTL_ENABLE_DEBUG_INFO = INCLUDE_SOURCE;
				MTL_FAST_MATH = YES;
				ONLY_ACTIVE_ARCH = YES;
				SDKROOT = iphoneos;
				SWIFT_ACTIVE_COMPILATION_CONDITIONS = DEBUG;
				SWIFT_OPTIMIZATION_LEVEL = "-Onone";
			};
			name = Debug;
		};
		242CD8F02ACDB0E90099617D /* Release */ = {
			isa = XCBuildConfiguration;
			buildSettings = {
				ALWAYS_SEARCH_USER_PATHS = NO;
				CLANG_ANALYZER_NONNULL = YES;
				CLANG_ANALYZER_NUMBER_OBJECT_CONVERSION = YES_AGGRESSIVE;
				CLANG_CXX_LANGUAGE_STANDARD = "gnu++20";
				CLANG_ENABLE_MODULES = YES;
				CLANG_ENABLE_OBJC_ARC = YES;
				CLANG_ENABLE_OBJC_WEAK = YES;
				CLANG_WARN_BLOCK_CAPTURE_AUTORELEASING = YES;
				CLANG_WARN_BOOL_CONVERSION = YES;
				CLANG_WARN_COMMA = YES;
				CLANG_WARN_CONSTANT_CONVERSION = YES;
				CLANG_WARN_DEPRECATED_OBJC_IMPLEMENTATIONS = YES;
				CLANG_WARN_DIRECT_OBJC_ISA_USAGE = YES_ERROR;
				CLANG_WARN_DOCUMENTATION_COMMENTS = YES;
				CLANG_WARN_EMPTY_BODY = YES;
				CLANG_WARN_ENUM_CONVERSION = YES;
				CLANG_WARN_INFINITE_RECURSION = YES;
				CLANG_WARN_INT_CONVERSION = YES;
				CLANG_WARN_NON_LITERAL_NULL_CONVERSION = YES;
				CLANG_WARN_OBJC_IMPLICIT_RETAIN_SELF = YES;
				CLANG_WARN_OBJC_LITERAL_CONVERSION = YES;
				CLANG_WARN_OBJC_ROOT_CLASS = YES_ERROR;
				CLANG_WARN_QUOTED_INCLUDE_IN_FRAMEWORK_HEADER = YES;
				CLANG_WARN_RANGE_LOOP_ANALYSIS = YES;
				CLANG_WARN_STRICT_PROTOTYPES = YES;
				CLANG_WARN_SUSPICIOUS_MOVE = YES;
				CLANG_WARN_UNGUARDED_AVAILABILITY = YES_AGGRESSIVE;
				CLANG_WARN_UNREACHABLE_CODE = YES;
				CLANG_WARN__DUPLICATE_METHOD_MATCH = YES;
				COPY_PHASE_STRIP = NO;
				DEBUG_INFORMATION_FORMAT = "dwarf-with-dsym";
				ENABLE_NS_ASSERTIONS = NO;
				ENABLE_STRICT_OBJC_MSGSEND = YES;
				GCC_C_LANGUAGE_STANDARD = gnu11;
				GCC_NO_COMMON_BLOCKS = YES;
				GCC_WARN_64_TO_32_BIT_CONVERSION = YES;
				GCC_WARN_ABOUT_RETURN_TYPE = YES_ERROR;
				GCC_WARN_UNDECLARED_SELECTOR = YES;
				GCC_WARN_UNINITIALIZED_AUTOS = YES_AGGRESSIVE;
				GCC_WARN_UNUSED_FUNCTION = YES;
				GCC_WARN_UNUSED_VARIABLE = YES;
				IPHONEOS_DEPLOYMENT_TARGET = 16.4;
				MTL_ENABLE_DEBUG_INFO = NO;
				MTL_FAST_MATH = YES;
				SDKROOT = iphoneos;
				SWIFT_COMPILATION_MODE = wholemodule;
				SWIFT_OPTIMIZATION_LEVEL = "-O";
				VALIDATE_PRODUCT = YES;
			};
			name = Release;
		};
		242CD8F22ACDB0E90099617D /* Debug */ = {
			isa = XCBuildConfiguration;
			baseConfigurationReference = F32D17F9BBF3E04D2719EC8C /* Pods-GerenciadorDependencias.debug.xcconfig */;
			buildSettings = {
				ASSETCATALOG_COMPILER_APPICON_NAME = AppIcon;
				ASSETCATALOG_COMPILER_GLOBAL_ACCENT_COLOR_NAME = AccentColor;
				CODE_SIGN_STYLE = Automatic;
				CURRENT_PROJECT_VERSION = 1;
				DEVELOPMENT_TEAM = 2T9YAV5VRP;
				GENERATE_INFOPLIST_FILE = YES;
				INFOPLIST_FILE = GerenciadorDependencias/Info.plist;
				INFOPLIST_KEY_UIApplicationSupportsIndirectInputEvents = YES;
				INFOPLIST_KEY_UILaunchStoryboardName = LaunchScreen;
				INFOPLIST_KEY_UIMainStoryboardFile = Main;
				INFOPLIST_KEY_UISupportedInterfaceOrientations_iPad = "UIInterfaceOrientationPortrait UIInterfaceOrientationPortraitUpsideDown UIInterfaceOrientationLandscapeLeft UIInterfaceOrientationLandscapeRight";
				INFOPLIST_KEY_UISupportedInterfaceOrientations_iPhone = "UIInterfaceOrientationPortrait UIInterfaceOrientationLandscapeLeft UIInterfaceOrientationLandscapeRight";
				IPHONEOS_DEPLOYMENT_TARGET = 13.0;
				LD_RUNPATH_SEARCH_PATHS = (
					"$(inherited)",
					"@executable_path/Frameworks",
				);
				MARKETING_VERSION = 1.0;
				PRODUCT_BUNDLE_IDENTIFIER = DIO.gerenciador.GerenciadorDependencias;
				PRODUCT_NAME = "$(TARGET_NAME)";
				SUPPORTED_PLATFORMS = "iphoneos iphonesimulator";
				SUPPORTS_MACCATALYST = NO;
				SUPPORTS_MAC_DESIGNED_FOR_IPHONE_IPAD = NO;
				SWIFT_EMIT_LOC_STRINGS = YES;
				SWIFT_VERSION = 5.0;
				TARGETED_DEVICE_FAMILY = 1;
			};
			name = Debug;
		};
		242CD8F32ACDB0E90099617D /* Release */ = {
			isa = XCBuildConfiguration;
			baseConfigurationReference = 1A61598A891B5CFA53A31A9F /* Pods-GerenciadorDependencias.release.xcconfig */;
			buildSettings = {
				ASSETCATALOG_COMPILER_APPICON_NAME = AppIcon;
				ASSETCATALOG_COMPILER_GLOBAL_ACCENT_COLOR_NAME = AccentColor;
				CODE_SIGN_STYLE = Automatic;
				CURRENT_PROJECT_VERSION = 1;
				DEVELOPMENT_TEAM = 2T9YAV5VRP;
				GENERATE_INFOPLIST_FILE = YES;
				INFOPLIST_FILE = GerenciadorDependencias/Info.plist;
				INFOPLIST_KEY_UIApplicationSupportsIndirectInputEvents = YES;
				INFOPLIST_KEY_UILaunchStoryboardName = LaunchScreen;
				INFOPLIST_KEY_UIMainStoryboardFile = Main;
				INFOPLIST_KEY_UISupportedInterfaceOrientations_iPad = "UIInterfaceOrientationPortrait UIInterfaceOrientationPortraitUpsideDown UIInterfaceOrientationLandscapeLeft UIInterfaceOrientationLandscapeRight";
				INFOPLIST_KEY_UISupportedInterfaceOrientations_iPhone = "UIInterfaceOrientationPortrait UIInterfaceOrientationLandscapeLeft UIInterfaceOrientationLandscapeRight";
				IPHONEOS_DEPLOYMENT_TARGET = 13.0;
				LD_RUNPATH_SEARCH_PATHS = (
					"$(inherited)",
					"@executable_path/Frameworks",
				);
				MARKETING_VERSION = 1.0;
				PRODUCT_BUNDLE_IDENTIFIER = DIO.gerenciador.GerenciadorDependencias;
				PRODUCT_NAME = "$(TARGET_NAME)";
				SUPPORTED_PLATFORMS = "iphoneos iphonesimulator";
				SUPPORTS_MACCATALYST = NO;
				SUPPORTS_MAC_DESIGNED_FOR_IPHONE_IPAD = NO;
				SWIFT_EMIT_LOC_STRINGS = YES;
				SWIFT_VERSION = 5.0;
				TARGETED_DEVICE_FAMILY = 1;
			};
			name = Release;
		};
/* End XCBuildConfiguration section */

/* Begin XCConfigurationList section */
		242CD8D82ACDB0E80099617D /* Build configuration list for PBXProject "GerenciadorDependencias" */ = {
			isa = XCConfigurationList;
			buildConfigurations = (
				242CD8EF2ACDB0E90099617D /* Debug */,
				242CD8F02ACDB0E90099617D /* Release */,
			);
			defaultConfigurationIsVisible = 0;
			defaultConfigurationName = Release;
		};
		242CD8F12ACDB0E90099617D /* Build configuration list for PBXNativeTarget "GerenciadorDependencias" */ = {
			isa = XCConfigurationList;
			buildConfigurations = (
				242CD8F22ACDB0E90099617D /* Debug */,
				242CD8F32ACDB0E90099617D /* Release */,
			);
			defaultConfigurationIsVisible = 0;
			defaultConfigurationName = Release;
		};
/* End XCConfigurationList section */
	};
	rootObject = 242CD8D52ACDB0E80099617D /* Project object */;
}
